<?xml version="1.0" encoding="utf-8"?>
<Project ToolsVersion="4.0" xmlns="http://schemas.microsoft.com/developer/msbuild/2003">
  <ItemGroup>
    <Filter Include="Data structures">
      <UniqueIdentifier>{421c4e89-c6e7-4319-b877-371a9d52017d}</UniqueIdentifier>
    </Filter>
    <Filter Include="Data structures\KdTree">
      <UniqueIdentifier>{8f4dd823-db1b-418e-ac10-72c2630abffb}</UniqueIdentifier>
    </Filter>
    <Filter Include="Data structures\PointKdTree">
      <UniqueIdentifier>{c1f67173-ec48-497b-a050-453067c7457b}</UniqueIdentifier>
    </Filter>
    <Filter Include="Data structures\HalfMesh">
      <UniqueIdentifier>{79c52e37-7ad4-49db-85b4-c6066c554303}</UniqueIdentifier>
    </Filter>
    <Filter Include="Algorithms">
      <UniqueIdentifier>{c3028025-c2b4-4c59-aa7a-f564b0e5fa91}</UniqueIdentifier>
    </Filter>
    <Filter Include="Algorithms\Difference">
      <UniqueIdentifier>{8ba767f0-6f50-4bbc-bfcb-2d71af8ae7b5}</UniqueIdentifier>
    </Filter>
    <Filter Include="Algorithms\Maximum clique">
      <UniqueIdentifier>{48e4a7b6-57d8-47f6-b309-13e5d9054fbe}</UniqueIdentifier>
    </Filter>
    <Filter Include="Algorithms\Intersection">
      <UniqueIdentifier>{77530c72-2547-45d0-86b8-fe262274c7d2}</UniqueIdentifier>
    </Filter>
    <Filter Include="Algorithms\Range counting">
      <UniqueIdentifier>{6fb7a744-29f3-41c9-a561-49246594ceee}</UniqueIdentifier>
    </Filter>
    <Filter Include="Algorithms\Overlapping">
      <UniqueIdentifier>{3efe3736-aa11-4115-a962-694eab67418f}</UniqueIdentifier>
    </Filter>
    <Filter Include="Algorithms\Area">
      <UniqueIdentifier>{9dd850a4-01be-48a1-b03e-27889e720d99}</UniqueIdentifier>
    </Filter>
    <Filter Include="Algorithms\Containment">
      <UniqueIdentifier>{391ff08e-2cd3-42ed-9679-ccb1c05aad9e}</UniqueIdentifier>
    </Filter>
  </ItemGroup>
  <ItemGroup>
    <ClCompile Include="test_kdtree.cpp">
      <Filter>Data structures\KdTree</Filter>
    </ClCompile>
    <ClCompile Include="test_pointkdtree.cpp">
      <Filter>Data structures\PointKdTree</Filter>
    </ClCompile>
    <ClCompile Include="test_halfmesh.cpp">
      <Filter>Data structures\HalfMesh</Filter>
    </ClCompile>
    <ClCompile Include="test_halfmesh2.cpp">
      <Filter>Data structures\HalfMesh</Filter>
    </ClCompile>
    <ClCompile Include="test_simplehalfmesh.cpp">
      <Filter>Data structures\HalfMesh</Filter>
    </ClCompile>
    <ClCompile Include="test_difference_alignedbox_alignedbox.cpp">
      <Filter>Algorithms\Difference</Filter>
    </ClCompile>
    <ClCompile Include="test_maximum_clique.cpp">
      <Filter>Algorithms\Maximum clique</Filter>
    </ClCompile>
    <ClCompile Include="test_intersect_alignedbox_alignedbox.cpp">
      <Filter>Algorithms\Intersection</Filter>
    </ClCompile>
    <ClCompile Include="test_intersect_line_alignedbox.cpp">
      <Filter>Algorithms\Intersection</Filter>
    </ClCompile>
    <ClCompile Include="test_intersect_line_triangle.cpp">
      <Filter>Algorithms\Intersection</Filter>
    </ClCompile>
    <ClCompile Include="test_count_range_pointkdtree.cpp">
      <Filter>Algorithms\Range counting</Filter>
    </ClCompile>
    <ClCompile Include="test_overlap_alignedbox_alignedbox.cpp">
      <Filter>Algorithms\Overlapping</Filter>
    </ClCompile>
    <ClCompile Include="test_area.cpp">
      <Filter>Algorithms\Area</Filter>
    </ClCompile>
    <ClCompile Include="test_contains_alignedbox_alignedbox.cpp">
      <Filter>Algorithms\Containment</Filter>
    </ClCompile>
    <ClCompile Include="test_leastsquares.cpp" />
    <ClCompile Include="test_patternmatch.cpp" />
    <ClCompile Include="test_transformation.cpp" />
    <ClCompile Include="test_poisson_disk_pattern.cpp" />
    <ClCompile Include="test_pastelgeometry.cpp" />
  </ItemGroup>
  <ItemGroup>
    <ClInclude Include="test_pastelgeometry.h" />
  </ItemGroup>
  <ItemGroup>
    <None Include="test_pastelgeometry.txt" />
  </ItemGroup>
</Project>