<?xml version="1.0" encoding="utf-8"?>
<Project ToolsVersion="4.0" xmlns="http://schemas.microsoft.com/developer/msbuild/2003">
  <ItemGroup>
    <Filter Include="Color">
      <UniqueIdentifier>{700a01e9-54e0-4e46-b5d3-4a703136d756}</UniqueIdentifier>
    </Filter>
    <Filter Include="Color\Color spaces">
      <UniqueIdentifier>{480475fd-bfc1-4eb4-8d6a-b8c039512d4a}</UniqueIdentifier>
    </Filter>
    <Filter Include="Color\Color adapters">
      <UniqueIdentifier>{d43e48c3-d19a-46ba-86c5-ac2e2aabb5d0}</UniqueIdentifier>
    </Filter>
    <Filter Include="Color\Color palettes">
      <UniqueIdentifier>{025f4fc1-baf0-4e77-90fa-13097809066c}</UniqueIdentifier>
    </Filter>
    <Filter Include="Color\Standard illuminants">
      <UniqueIdentifier>{0ef85234-17d5-4f82-ae5b-a111007d92c3}</UniqueIdentifier>
    </Filter>
    <Filter Include="Common">
      <UniqueIdentifier>{16a5a522-2032-4714-bc4e-6fa0e9f6eaf5}</UniqueIdentifier>
    </Filter>
    <Filter Include="Common\Image">
      <UniqueIdentifier>{861460e2-2072-4b9a-a9c5-43d01ba5a34a}</UniqueIdentifier>
    </Filter>
    <Filter Include="2d drawing">
      <UniqueIdentifier>{79674a72-8968-4f56-b52f-9b55561103ba}</UniqueIdentifier>
    </Filter>
    <Filter Include="Noise">
      <UniqueIdentifier>{2bfce127-f824-4466-add1-6b5e7d1e0334}</UniqueIdentifier>
    </Filter>
    <Filter Include="Noise\Gradient field">
      <UniqueIdentifier>{2646e83d-e699-4d50-895e-39ced9a7f4b8}</UniqueIdentifier>
    </Filter>
    <Filter Include="Noise\Perlin noise">
      <UniqueIdentifier>{65ac05f4-50c6-4789-aaf5-6911359b1ffe}</UniqueIdentifier>
    </Filter>
    <Filter Include="Noise\Simplex noise">
      <UniqueIdentifier>{269c081a-5fa7-499e-9cb2-f4d42adcecc1}</UniqueIdentifier>
    </Filter>
    <Filter Include="Image files">
      <UniqueIdentifier>{39621a28-da03-4daa-9050-670bb8193240}</UniqueIdentifier>
    </Filter>
    <Filter Include="Image files\Pcx">
      <UniqueIdentifier>{4ac5b203-da4c-4563-a8d2-7ddc320aeb5f}</UniqueIdentifier>
    </Filter>
    <Filter Include="Textures">
      <UniqueIdentifier>{5b0426fe-3469-4f70-b092-5677fdd8ec39}</UniqueIdentifier>
    </Filter>
    <Filter Include="Textures\Modifier textures">
      <UniqueIdentifier>{72b53899-c8b0-4f02-aaa0-1b5031b38283}</UniqueIdentifier>
    </Filter>
    <Filter Include="Textures\Image textures">
      <UniqueIdentifier>{80ca6d23-d748-4379-a6ba-f484fc4761a1}</UniqueIdentifier>
    </Filter>
    <Filter Include="Textures\Image textures\Rip-mapping">
      <UniqueIdentifier>{e01062da-fa67-430e-98b1-ff368406af55}</UniqueIdentifier>
    </Filter>
    <Filter Include="Textures\Image textures\Mip-mapping">
      <UniqueIdentifier>{7a7a21da-219d-45f4-9df4-4cb2b46f6cbe}</UniqueIdentifier>
    </Filter>
    <Filter Include="Textures\Image textures\Linear">
      <UniqueIdentifier>{23653622-0263-41c9-b5bf-481cf7b2cdba}</UniqueIdentifier>
    </Filter>
    <Filter Include="Textures\Image textures\Ewa">
      <UniqueIdentifier>{e901faa7-b828-4480-a44f-fc9eb80e8f09}</UniqueIdentifier>
    </Filter>
    <Filter Include="Textures\Image textures\Nearest">
      <UniqueIdentifier>{faac189c-c040-4236-8d31-89048e1c7cf6}</UniqueIdentifier>
    </Filter>
    <Filter Include="Textures\Synthetic textures">
      <UniqueIdentifier>{028bf62c-73d8-4d4a-9873-05dd19744913}</UniqueIdentifier>
    </Filter>
    <Filter Include="Textures\Distortion textures">
      <UniqueIdentifier>{44b8e198-37d5-413d-b35e-d8714563da91}</UniqueIdentifier>
    </Filter>
    <Filter Include="Reconstruction">
      <UniqueIdentifier>{c0bc89f3-5c72-41b7-952a-e45da5b029b9}</UniqueIdentifier>
    </Filter>
    <Filter Include="Discrete poisson disk pattern">
      <UniqueIdentifier>{7e522310-3e55-4786-bf90-77fb274d9c9c}</UniqueIdentifier>
    </Filter>
    <Filter Include="Probability distribution from image">
      <UniqueIdentifier>{7fed9de7-decd-4a9f-ad21-ce149729a531}</UniqueIdentifier>
    </Filter>
    <Filter Include="Rendering">
      <UniqueIdentifier>{4e75b011-720f-4bf5-9d54-21c982cfb94a}</UniqueIdentifier>
    </Filter>
    <Filter Include="Rendering\Image_GfxRenderer">
      <UniqueIdentifier>{04552bf9-2c81-44b9-ba9e-b191adc41ef4}</UniqueIdentifier>
    </Filter>
    <Filter Include="Summed-area tables">
      <UniqueIdentifier>{e1ea35ef-1d25-4718-9b29-0e4b43c4bb3b}</UniqueIdentifier>
    </Filter>
    <Filter Include="Block matching">
      <UniqueIdentifier>{0be706ca-6055-4291-ac87-86f4f6a25d62}</UniqueIdentifier>
    </Filter>
    <Filter Include="Image processing">
      <UniqueIdentifier>{63f25d96-a027-4d15-b4ab-8aa2ae27bcee}</UniqueIdentifier>
    </Filter>
    <Filter Include="Image processing\Labeling">
      <UniqueIdentifier>{bcd5c967-3338-44e4-8dc6-cf2bf8dba356}</UniqueIdentifier>
    </Filter>
    <Filter Include="Image processing\Morphology">
      <UniqueIdentifier>{519adb7d-30bc-4f03-b4c4-90a98b992e6b}</UniqueIdentifier>
    </Filter>
    <Filter Include="Image processing\Convolution">
      <UniqueIdentifier>{3479f1f0-8616-4f08-9fe8-69df8e67e7e9}</UniqueIdentifier>
    </Filter>
    <Filter Include="Image processing\Miscellaneous">
      <UniqueIdentifier>{d5fc701b-6fb0-464f-9952-74d7d0d8c744}</UniqueIdentifier>
    </Filter>
    <Filter Include="Image processing\Structuring elements">
      <UniqueIdentifier>{82f1f46e-eaef-4090-b7f5-b5d5aa8da8f4}</UniqueIdentifier>
    </Filter>
    <Filter Include="Image processing\Image quantization">
      <UniqueIdentifier>{37f36677-eaed-4444-8dfd-797dbed87cdc}</UniqueIdentifier>
    </Filter>
    <Filter Include="Color mixers">
      <UniqueIdentifier>{0a65609f-ff5a-4948-9a75-a0f1969fd610}</UniqueIdentifier>
    </Filter>
    <Filter Include="Image processing\Branching number">
      <UniqueIdentifier>{6110cecb-9808-466b-9db5-2bfa1b373ba5}</UniqueIdentifier>
    </Filter>
  </ItemGroup>
  <ItemGroup>
    <ClInclude Include="color.h">
      <Filter>Color</Filter>
    </ClInclude>
    <ClInclude Include="color_tools.h">
      <Filter>Color</Filter>
    </ClInclude>
    <ClInclude Include="color_tools.hpp">
      <Filter>Color</Filter>
    </ClInclude>
    <ClInclude Include="color_hsv.h">
      <Filter>Color\Color spaces</Filter>
    </ClInclude>
    <ClInclude Include="color_lab.h">
      <Filter>Color\Color spaces</Filter>
    </ClInclude>
    <ClInclude Include="color_lch.h">
      <Filter>Color\Color spaces</Filter>
    </ClInclude>
    <ClInclude Include="color_lms.h">
      <Filter>Color\Color spaces</Filter>
    </ClInclude>
    <ClInclude Include="color_space.h">
      <Filter>Color\Color spaces</Filter>
    </ClInclude>
    <ClInclude Include="color_srgb.h">
      <Filter>Color\Color spaces</Filter>
    </ClInclude>
    <ClInclude Include="color_xyy.h">
      <Filter>Color\Color spaces</Filter>
    </ClInclude>
    <ClInclude Include="color_yuv.h">
      <Filter>Color\Color spaces</Filter>
    </ClInclude>
    <ClInclude Include="coloradapter.h">
      <Filter>Color\Color adapters</Filter>
    </ClInclude>
    <ClInclude Include="coloradapter.hpp">
      <Filter>Color\Color adapters</Filter>
    </ClInclude>
    <ClInclude Include="color_palette.h">
      <Filter>Color\Color palettes</Filter>
    </ClInclude>
    <ClInclude Include="color_illuminant.h">
      <Filter>Color\Standard illuminants</Filter>
    </ClInclude>
    <ClInclude Include="color_illuminant.hpp">
      <Filter>Color\Standard illuminants</Filter>
    </ClInclude>
    <ClInclude Include="gfxlibrary.h">
      <Filter>Common</Filter>
    </ClInclude>
    <ClInclude Include="image_tools.h">
      <Filter>Common\Image</Filter>
    </ClInclude>
    <ClInclude Include="image_tools.hpp">
      <Filter>Common\Image</Filter>
    </ClInclude>
    <ClInclude Include="draw_box.h">
      <Filter>2d drawing</Filter>
    </ClInclude>
    <ClInclude Include="draw_box.hpp">
      <Filter>2d drawing</Filter>
    </ClInclude>
    <ClInclude Include="draw_floodfill.h">
      <Filter>2d drawing</Filter>
    </ClInclude>
    <ClInclude Include="draw_floodfill.hpp">
      <Filter>2d drawing</Filter>
    </ClInclude>
    <ClInclude Include="draw_horizontal_line.h">
      <Filter>2d drawing</Filter>
    </ClInclude>
    <ClInclude Include="draw_horizontal_line.hpp">
      <Filter>2d drawing</Filter>
    </ClInclude>
    <ClInclude Include="draw_perspective_triangle.h">
      <Filter>2d drawing</Filter>
    </ClInclude>
    <ClInclude Include="draw_perspective_triangle.hpp">
      <Filter>2d drawing</Filter>
    </ClInclude>
    <ClInclude Include="draw_pixel.h">
      <Filter>2d drawing</Filter>
    </ClInclude>
    <ClInclude Include="draw_pixel.hpp">
      <Filter>2d drawing</Filter>
    </ClInclude>
    <ClInclude Include="draw_projective_quad.h">
      <Filter>2d drawing</Filter>
    </ClInclude>
    <ClInclude Include="draw_projective_quad.hpp">
      <Filter>2d drawing</Filter>
    </ClInclude>
    <ClInclude Include="draw_segment.h">
      <Filter>2d drawing</Filter>
    </ClInclude>
    <ClInclude Include="draw_segment.hpp">
      <Filter>2d drawing</Filter>
    </ClInclude>
    <ClInclude Include="draw_textured_box.h">
      <Filter>2d drawing</Filter>
    </ClInclude>
    <ClInclude Include="draw_textured_box.hpp">
      <Filter>2d drawing</Filter>
    </ClInclude>
    <ClInclude Include="draw_textured_triangle.h">
      <Filter>2d drawing</Filter>
    </ClInclude>
    <ClInclude Include="draw_textured_triangle.hpp">
      <Filter>2d drawing</Filter>
    </ClInclude>
    <ClInclude Include="draw_triangle.h">
      <Filter>2d drawing</Filter>
    </ClInclude>
    <ClInclude Include="draw_triangle.hpp">
      <Filter>2d drawing</Filter>
    </ClInclude>
    <ClInclude Include="draw_vertical_line.h">
      <Filter>2d drawing</Filter>
    </ClInclude>
    <ClInclude Include="draw_vertical_line.hpp">
      <Filter>2d drawing</Filter>
    </ClInclude>
    <ClInclude Include="draw_view.h">
      <Filter>2d drawing</Filter>
    </ClInclude>
    <ClInclude Include="draw_view.hpp">
      <Filter>2d drawing</Filter>
    </ClInclude>
    <ClInclude Include="marchingtriangles.h">
      <Filter>2d drawing</Filter>
    </ClInclude>
    <ClInclude Include="noise.h">
      <Filter>Noise</Filter>
    </ClInclude>
    <ClInclude Include="gradientfield.h">
      <Filter>Noise\Gradient field</Filter>
    </ClInclude>
    <ClInclude Include="gradientfield.hpp">
      <Filter>Noise\Gradient field</Filter>
    </ClInclude>
    <ClInclude Include="perlin_noise.h">
      <Filter>Noise\Perlin noise</Filter>
    </ClInclude>
    <ClInclude Include="perlin_noise.hpp">
      <Filter>Noise\Perlin noise</Filter>
    </ClInclude>
    <ClInclude Include="simplex_noise.h">
      <Filter>Noise\Simplex noise</Filter>
    </ClInclude>
    <ClInclude Include="simplex_noise.hpp">
      <Filter>Noise\Simplex noise</Filter>
    </ClInclude>
    <ClInclude Include="loadpcx.h">
      <Filter>Image files\Pcx</Filter>
    </ClInclude>
    <ClInclude Include="loadpcx.hpp">
      <Filter>Image files\Pcx</Filter>
    </ClInclude>
    <ClInclude Include="pcx.h">
      <Filter>Image files\Pcx</Filter>
    </ClInclude>
    <ClInclude Include="pcxheader.h">
      <Filter>Image files\Pcx</Filter>
    </ClInclude>
    <ClInclude Include="savepcx.h">
      <Filter>Image files\Pcx</Filter>
    </ClInclude>
    <ClInclude Include="savepcx.hpp">
      <Filter>Image files\Pcx</Filter>
    </ClInclude>
    <ClInclude Include="texture.h">
      <Filter>Textures</Filter>
    </ClInclude>
    <ClInclude Include="textures.h">
      <Filter>Textures</Filter>
    </ClInclude>
    <ClInclude Include="combine_texture.h">
      <Filter>Textures\Modifier textures</Filter>
    </ClInclude>
    <ClInclude Include="mix_texture.h">
      <Filter>Textures\Modifier textures</Filter>
    </ClInclude>
    <ClInclude Include="ripimage_texture.h">
      <Filter>Textures\Image textures\Rip-mapping</Filter>
    </ClInclude>
    <ClInclude Include="ripimage_texture.hpp">
      <Filter>Textures\Image textures\Rip-mapping</Filter>
    </ClInclude>
    <ClInclude Include="mipimage_texture.h">
      <Filter>Textures\Image textures\Mip-mapping</Filter>
    </ClInclude>
    <ClInclude Include="mipimage_texture.hpp">
      <Filter>Textures\Image textures\Mip-mapping</Filter>
    </ClInclude>
    <ClInclude Include="linearimage_texture.h">
      <Filter>Textures\Image textures\Linear</Filter>
    </ClInclude>
    <ClInclude Include="linearimage_texture.hpp">
      <Filter>Textures\Image textures\Linear</Filter>
    </ClInclude>
    <ClInclude Include="ewaimage_texture.h">
      <Filter>Textures\Image textures\Ewa</Filter>
    </ClInclude>
    <ClInclude Include="ewaimage_texture.hpp">
      <Filter>Textures\Image textures\Ewa</Filter>
    </ClInclude>
    <ClInclude Include="nearestimage_texture.h">
      <Filter>Textures\Image textures\Nearest</Filter>
    </ClInclude>
    <ClInclude Include="nearestimage_texture.hpp">
      <Filter>Textures\Image textures\Nearest</Filter>
    </ClInclude>
    <ClInclude Include="color_texture.h">
      <Filter>Textures\Synthetic textures</Filter>
    </ClInclude>
    <ClInclude Include="linearcolor_texture.h">
      <Filter>Textures\Synthetic textures</Filter>
    </ClInclude>
    <ClInclude Include="linearsimplex_texture.h">
      <Filter>Textures\Synthetic textures</Filter>
    </ClInclude>
    <ClInclude Include="noise_texture.h">
      <Filter>Textures\Synthetic textures</Filter>
    </ClInclude>
    <ClInclude Include="turbulence_texture.h">
      <Filter>Textures\Synthetic textures</Filter>
    </ClInclude>
    <ClInclude Include="radial_texture.h">
      <Filter>Textures\Distortion textures</Filter>
    </ClInclude>
    <ClInclude Include="sub_texture.h">
      <Filter>Textures\Distortion textures</Filter>
    </ClInclude>
    <ClInclude Include="transform_texture.h">
      <Filter>Textures\Distortion textures</Filter>
    </ClInclude>
    <ClInclude Include="reconstruct_filter.h">
      <Filter>Reconstruction</Filter>
    </ClInclude>
    <ClInclude Include="reconstruct_filter.hpp">
      <Filter>Reconstruction</Filter>
    </ClInclude>
    <ClInclude Include="reconstruct_nearest.h">
      <Filter>Reconstruction</Filter>
    </ClInclude>
    <ClInclude Include="reconstruct_nearest.hpp">
      <Filter>Reconstruction</Filter>
    </ClInclude>
    <ClInclude Include="reconstruct_rbf.h">
      <Filter>Reconstruction</Filter>
    </ClInclude>
    <ClInclude Include="reconstruction.h">
      <Filter>Reconstruction</Filter>
    </ClInclude>
    <ClInclude Include="discrete_poisson_disk_pattern.h">
      <Filter>Discrete poisson disk pattern</Filter>
    </ClInclude>
    <ClInclude Include="imagepdf.h">
      <Filter>Probability distribution from image</Filter>
    </ClInclude>
    <ClInclude Include="imagepdf.hpp">
      <Filter>Probability distribution from image</Filter>
    </ClInclude>
    <ClInclude Include="gfxrenderer.h">
      <Filter>Rendering</Filter>
    </ClInclude>
    <ClInclude Include="gfxrenderer.hpp">
      <Filter>Rendering</Filter>
    </ClInclude>
    <ClInclude Include="gfxrenderer_tools.h">
      <Filter>Rendering</Filter>
    </ClInclude>
    <ClInclude Include="gfxrenderer_tools.hpp">
      <Filter>Rendering</Filter>
    </ClInclude>
    <ClInclude Include="image_gfxrenderer.h">
      <Filter>Rendering\Image_GfxRenderer</Filter>
    </ClInclude>
    <ClInclude Include="image_gfxrenderer.hpp">
      <Filter>Rendering\Image_GfxRenderer</Filter>
    </ClInclude>
    <ClInclude Include="colormixer.h">
      <Filter>Color mixers</Filter>
    </ClInclude>
    <ClInclude Include="colormixers.h">
      <Filter>Color mixers</Filter>
    </ClInclude>
    <ClInclude Include="gfxresource.h">
      <Filter>Image processing\Miscellaneous</Filter>
    </ClInclude>
    <ClInclude Include="labeltoimage.h">
      <Filter>Image processing\Miscellaneous</Filter>
    </ClInclude>
    <ClInclude Include="packrange.h">
      <Filter>Image processing\Miscellaneous</Filter>
    </ClInclude>
    <ClInclude Include="pixelneighbours.h">
      <Filter>Image processing\Miscellaneous</Filter>
    </ClInclude>
    <ClInclude Include="summedareatable.h">
      <Filter>Summed-area tables</Filter>
    </ClInclude>
    <ClInclude Include="summedareatable.hpp">
      <Filter>Summed-area tables</Filter>
    </ClInclude>
    <ClInclude Include="block_matching_bruteforce.h">
      <Filter>Block matching</Filter>
    </ClInclude>
    <ClInclude Include="block_matching_bruteforce.hpp">
      <Filter>Block matching</Filter>
    </ClInclude>
    <ClInclude Include="image_quantization.h">
      <Filter>Image processing\Image quantization</Filter>
    </ClInclude>
    <ClInclude Include="image_quantization.hpp">
      <Filter>Image processing\Image quantization</Filter>
    </ClInclude>
    <ClInclude Include="drawing.h">
      <Filter>2d drawing</Filter>
    </ClInclude>
    <ClInclude Include="additive_colormixer.h">
      <Filter>Color mixers</Filter>
    </ClInclude>
    <ClInclude Include="assign_colormixer.h">
      <Filter>Color mixers</Filter>
    </ClInclude>
    <ClInclude Include="functor_colormixer.h">
      <Filter>Color mixers</Filter>
    </ClInclude>
    <ClInclude Include="transparent_colormixer.h">
      <Filter>Color mixers</Filter>
    </ClInclude>
    <ClInclude Include="convolution.h">
      <Filter>Image processing\Convolution</Filter>
    </ClInclude>
    <ClInclude Include="convolution.hpp">
      <Filter>Image processing\Convolution</Filter>
    </ClInclude>
    <ClInclude Include="component_labeling.h">
      <Filter>Image processing\Labeling</Filter>
    </ClInclude>
    <ClInclude Include="component_labeling.hpp">
      <Filter>Image processing\Labeling</Filter>
    </ClInclude>
    <ClInclude Include="box_labeling.h">
      <Filter>Image processing\Labeling</Filter>
    </ClInclude>
    <ClInclude Include="branching_number.h">
      <Filter>Image processing\Branching number</Filter>
    </ClInclude>
    <ClInclude Include="structuring_elements.h">
      <Filter>Image processing\Structuring elements</Filter>
    </ClInclude>
    <ClInclude Include="structuring_elements.hpp">
      <Filter>Image processing\Structuring elements</Filter>
    </ClInclude>
    <ClInclude Include="image_dilation.h">
      <Filter>Image processing\Morphology</Filter>
    </ClInclude>
    <ClInclude Include="image_dilation.hpp">
      <Filter>Image processing\Morphology</Filter>
    </ClInclude>
    <ClInclude Include="image_eroding.h">
      <Filter>Image processing\Morphology</Filter>
    </ClInclude>
    <ClInclude Include="image_eroding.hpp">
      <Filter>Image processing\Morphology</Filter>
    </ClInclude>
    <ClInclude Include="pastelgfx.h" />
    <ClInclude Include="block_matching.h">
      <Filter>Block matching</Filter>
    </ClInclude>
  </ItemGroup>
  <ItemGroup>
    <None Include="color.txt">
      <Filter>Color</Filter>
    </None>
    <None Include="color_space.txt">
      <Filter>Color\Color spaces</Filter>
    </None>
    <None Include="coloradapter.txt">
      <Filter>Color\Color adapters</Filter>
    </None>
    <None Include="color_palette.txt">
      <Filter>Color\Color palettes</Filter>
    </None>
    <None Include="color_illuminant.txt">
      <Filter>Color\Standard illuminants</Filter>
    </None>
    <None Include="common.txt">
      <Filter>Common</Filter>
    </None>
    <None Include="draw_segment_notes.txt">
      <Filter>2d drawing</Filter>
    </None>
    <None Include="noise.txt">
      <Filter>Noise</Filter>
    </None>
    <None Include="gradientfield.txt">
      <Filter>Noise\Gradient field</Filter>
    </None>
    <None Include="perlin_noise.txt">
      <Filter>Noise\Perlin noise</Filter>
    </None>
    <None Include="simplex_noise.txt">
      <Filter>Noise\Simplex noise</Filter>
    </None>
    <None Include="simplex_noise_notes.txt">
      <Filter>Noise\Simplex noise</Filter>
    </None>
    <None Include="image_files.txt">
      <Filter>Image files</Filter>
    </None>
    <None Include="pcx.txt">
      <Filter>Image files\Pcx</Filter>
    </None>
    <None Include="pcx_file.txt">
      <Filter>Image files\Pcx</Filter>
    </None>
    <None Include="texture.txt">
      <Filter>Textures</Filter>
    </None>
    <None Include="modifier_textures.txt">
      <Filter>Textures\Modifier textures</Filter>
    </None>
    <None Include="image_textures.txt">
      <Filter>Textures\Image textures</Filter>
    </None>
    <None Include="ripimage_texture.txt">
      <Filter>Textures\Image textures\Rip-mapping</Filter>
    </None>
    <None Include="mipimage_texture.txt">
      <Filter>Textures\Image textures\Mip-mapping</Filter>
    </None>
    <None Include="linearimage_texture.txt">
      <Filter>Textures\Image textures\Linear</Filter>
    </None>
    <None Include="ewaimage_texture.txt">
      <Filter>Textures\Image textures\Ewa</Filter>
    </None>
    <None Include="nearestimage_texture.txt">
      <Filter>Textures\Image textures\Nearest</Filter>
    </None>
    <None Include="synthetic_textures.txt">
      <Filter>Textures\Synthetic textures</Filter>
    </None>
    <None Include="distortion_textures.txt">
      <Filter>Textures\Distortion textures</Filter>
    </None>
    <None Include="radial_texture.txt">
      <Filter>Textures\Distortion textures</Filter>
    </None>
    <None Include="transform_texture.txt">
      <Filter>Textures\Distortion textures</Filter>
    </None>
    <None Include="reconstruction.txt">
      <Filter>Reconstruction</Filter>
    </None>
    <None Include="renderer.txt">
      <Filter>Rendering</Filter>
    </None>
    <None Include="block_matching.txt">
      <Filter>Block matching</Filter>
    </None>
    <None Include="pastelgfx.txt" />
    <None Include="drawing.txt">
      <Filter>2d drawing</Filter>
    </None>
    <None Include="colormixers.txt">
      <Filter>Color mixers</Filter>
    </None>
    <None Include="image_processing.txt">
      <Filter>Image processing</Filter>
    </None>
    <None Include="convolution.txt">
      <Filter>Image processing\Convolution</Filter>
    </None>
    <None Include="labeling.txt">
      <Filter>Image processing\Labeling</Filter>
    </None>
    <None Include="branching_number.txt">
      <Filter>Image processing\Branching number</Filter>
    </None>
    <None Include="structuring_elements.txt">
      <Filter>Image processing\Structuring elements</Filter>
    </None>
    <None Include="image_quantization.txt">
      <Filter>Image processing\Image quantization</Filter>
    </None>
    <None Include="image_morphology.txt">
      <Filter>Image processing\Morphology</Filter>
    </None>
  </ItemGroup>
  <ItemGroup>
    <ClCompile Include="color_tools.cpp">
      <Filter>Color</Filter>
    </ClCompile>
    <ClCompile Include="color_hsv.cpp">
      <Filter>Color\Color spaces</Filter>
    </ClCompile>
    <ClCompile Include="color_lab.cpp">
      <Filter>Color\Color spaces</Filter>
    </ClCompile>
    <ClCompile Include="color_lch.cpp">
      <Filter>Color\Color spaces</Filter>
    </ClCompile>
    <ClCompile Include="color_lms.cpp">
      <Filter>Color\Color spaces</Filter>
    </ClCompile>
    <ClCompile Include="color_srgb.cpp">
      <Filter>Color\Color spaces</Filter>
    </ClCompile>
    <ClCompile Include="color_xyy.cpp">
      <Filter>Color\Color spaces</Filter>
    </ClCompile>
    <ClCompile Include="color_yuv.cpp">
      <Filter>Color\Color spaces</Filter>
    </ClCompile>
    <ClCompile Include="coloradapter.cpp">
      <Filter>Color\Color adapters</Filter>
    </ClCompile>
    <ClCompile Include="color_palette.cpp">
      <Filter>Color\Color palettes</Filter>
    </ClCompile>
    <ClCompile Include="color_illuminant.cpp">
      <Filter>Color\Standard illuminants</Filter>
    </ClCompile>
    <ClCompile Include="gfxlibrary.cpp">
      <Filter>Common</Filter>
    </ClCompile>
    <ClCompile Include="image_tools.cpp">
      <Filter>Common\Image</Filter>
    </ClCompile>
    <ClCompile Include="loadpcx.cpp">
      <Filter>Image files\Pcx</Filter>
    </ClCompile>
    <ClCompile Include="pcxheader.cpp">
      <Filter>Image files\Pcx</Filter>
    </ClCompile>
    <ClCompile Include="savepcx.cpp">
      <Filter>Image files\Pcx</Filter>
    </ClCompile>
    <ClCompile Include="gfxrenderer.cpp">
      <Filter>Rendering</Filter>
    </ClCompile>
    <ClCompile Include="gfxrenderer_tools.cpp">
      <Filter>Rendering</Filter>
    </ClCompile>
    <ClCompile Include="image_gfxrenderer.cpp">
      <Filter>Rendering\Image_GfxRenderer</Filter>
    </ClCompile>
    <ClCompile Include="labeltoimage.cpp">
      <Filter>Image processing\Miscellaneous</Filter>
    </ClCompile>
    <ClCompile Include="pixelneighbours.cpp">
      <Filter>Image processing\Miscellaneous</Filter>
    </ClCompile>
    <ClCompile Include="box_labeling.cpp">
      <Filter>Image processing\Labeling</Filter>
    </ClCompile>
    <ClCompile Include="branching_number.cpp">
      <Filter>Image processing\Branching number</Filter>
    </ClCompile>
  </ItemGroup>
</Project>