<?xml version="1.0" encoding="utf-8"?>
<Project ToolsVersion="4.0" xmlns="http://schemas.microsoft.com/developer/msbuild/2003">
  <ItemGroup>
    <Filter Include="Build files">
      <UniqueIdentifier>{080cdbda-2e39-4bf5-accf-7110fa2c0b9e}</UniqueIdentifier>
    </Filter>
    <Filter Include="PointKdTree">
      <UniqueIdentifier>{320b432f-93f8-4f3a-ba22-d692b9fb8f95}</UniqueIdentifier>
    </Filter>
  </ItemGroup>
  <ItemGroup>
    <None Include="build_pastelgeometrymatlab.txt">
      <Filter>Build files</Filter>
    </None>
    <None Include="matlab_pointkdtree.txt">
      <Filter>PointKdTree</Filter>
    </None>
    <None Include="pastelgeometrymatlab.txt" />
  </ItemGroup>
  <ItemGroup>
    <ClCompile Include="matlab_pointkdtree.cpp">
      <Filter>PointKdTree</Filter>
    </ClCompile>
    <ClCompile Include="pastelgeometrymatlab.cpp" />
    <ClCompile Include="matlab_point_pattern_matching_kr.cpp" />
    <ClCompile Include="matlab_point_pattern_matching_vw.cpp" />
  </ItemGroup>
  <ItemGroup>
    <ClInclude Include="pastelgeometrymatlab.h" />
  </ItemGroup>
</Project>