<?xml version="1.0" encoding="utf-8"?>
<Project ToolsVersion="4.0" xmlns="http://schemas.microsoft.com/developer/msbuild/2003">
  <ItemGroup>
    <ClCompile Include="test_indexallocator.cpp" />
    <ClCompile Include="test_fastlist.cpp">
      <Filter>Data structures</Filter>
    </ClCompile>
    <ClCompile Include="test_array.cpp">
      <Filter>Data structures</Filter>
    </ClCompile>
    <ClCompile Include="test_incidence_graph.cpp">
      <Filter>Data structures</Filter>
    </ClCompile>
    <ClCompile Include="test_redblacktree.cpp">
      <Filter>Data structures</Filter>
    </ClCompile>
    <ClCompile Include="test_tree.cpp">
      <Filter>Data structures</Filter>
    </ClCompile>
    <ClCompile Include="test_view.cpp">
      <Filter>Data structures</Filter>
    </ClCompile>
    <ClCompile Include="test_poolallocator.cpp">
      <Filter>Memory management</Filter>
    </ClCompile>
    <ClCompile Include="test_cloneptr.cpp">
      <Filter>Memory management</Filter>
    </ClCompile>
    <ClCompile Include="test_arenaallocator.cpp">
      <Filter>Memory management</Filter>
    </ClCompile>
    <ClCompile Include="test_rational.cpp">
      <Filter>Mathematics</Filter>
    </ClCompile>
    <ClCompile Include="test_statreal.cpp">
      <Filter>Mathematics</Filter>
    </ClCompile>
    <ClCompile Include="test_biginteger.cpp">
      <Filter>Mathematics</Filter>
    </ClCompile>
    <ClCompile Include="test_math_functions.cpp">
      <Filter>Mathematics</Filter>
    </ClCompile>
    <ClCompile Include="test_vector.cpp">
      <Filter>Mathematics</Filter>
    </ClCompile>
    <ClCompile Include="test_iterators.cpp">
      <Filter>Generic programming</Filter>
    </ClCompile>
    <ClCompile Include="test_string_tools.cpp">
      <Filter>Algorithms</Filter>
    </ClCompile>
    <ClCompile Include="test_endian.cpp">
      <Filter>Portability</Filter>
    </ClCompile>
    <ClCompile Include="test_eps.cpp">
      <Filter>Mathematics</Filter>
    </ClCompile>
    <ClCompile Include="test_minmax.cpp">
      <Filter>Algorithms</Filter>
    </ClCompile>
    <ClCompile Include="test_automaton.cpp">
      <Filter>Data structures</Filter>
    </ClCompile>
    <ClCompile Include="test_refinable_partition.cpp">
      <Filter>Data structures</Filter>
    </ClCompile>
    <ClCompile Include="test_template.cpp" />
    <ClCompile Include="test_object_forwarding.cpp">
      <Filter>Generic programming</Filter>
    </ClCompile>
    <ClCompile Include="test_optional.cpp">
      <Filter>Data structures</Filter>
    </ClCompile>
    <ClCompile Include="test_pastelsys.cpp" />
    <ClCompile Include="test_depth_first_traversal.cpp">
      <Filter>Algorithms\Graph algorithms</Filter>
    </ClCompile>
    <ClCompile Include="test_breadth_first_traversal.cpp">
      <Filter>Algorithms\Graph algorithms</Filter>
    </ClCompile>
    <ClCompile Include="test_maximum_bipartite_matching.cpp">
      <Filter>Algorithms\Graph algorithms</Filter>
    </ClCompile>
    <ClCompile Include="test_transitive_closure.cpp">
      <Filter>Algorithms\Graph algorithms</Filter>
    </ClCompile>
    <ClCompile Include="test_insertionsort.cpp">
      <Filter>Algorithms\Sequence algorithms</Filter>
    </ClCompile>
    <ClCompile Include="test_automaton_closure.cpp">
      <Filter>Algorithms\Automaton algorithms</Filter>
    </ClCompile>
    <ClCompile Include="test_automaton_determinization.cpp">
      <Filter>Algorithms\Automaton algorithms</Filter>
    </ClCompile>
    <ClCompile Include="test_interval_sequence.cpp">
      <Filter>Data structures</Filter>
    </ClCompile>
  </ItemGroup>
  <ItemGroup>
    <None Include="poolspeed.txt" />
    <None Include="test_pastelsys.txt" />
  </ItemGroup>
  <ItemGroup>
    <Filter Include="Data structures">
      <UniqueIdentifier>{cfdf8463-cee1-4d85-ba99-ffb2bbf4c35e}</UniqueIdentifier>
    </Filter>
    <Filter Include="Memory management">
      <UniqueIdentifier>{a0d0fd70-f616-48a8-ad04-dba1710d405e}</UniqueIdentifier>
    </Filter>
    <Filter Include="Mathematics">
      <UniqueIdentifier>{f620e088-c930-4d58-bb79-75abe6ad0519}</UniqueIdentifier>
    </Filter>
    <Filter Include="Algorithms">
      <UniqueIdentifier>{3f874dc9-ce6c-4689-8453-09967c04fe18}</UniqueIdentifier>
    </Filter>
    <Filter Include="Generic programming">
      <UniqueIdentifier>{70715a2a-9649-4cb9-a502-5409e2301c77}</UniqueIdentifier>
    </Filter>
    <Filter Include="Portability">
      <UniqueIdentifier>{c4f04805-4fa7-4f3c-aded-bd440586ff30}</UniqueIdentifier>
    </Filter>
    <Filter Include="Algorithms\Graph algorithms">
      <UniqueIdentifier>{c39faf6a-47e4-4cbf-a721-111877d0fb5c}</UniqueIdentifier>
    </Filter>
    <Filter Include="Algorithms\Sequence algorithms">
      <UniqueIdentifier>{61b0fdcd-264d-4de0-936b-624c6ef3dbbb}</UniqueIdentifier>
    </Filter>
    <Filter Include="Algorithms\Automaton algorithms">
      <UniqueIdentifier>{c8772683-9d19-4e23-8011-afba6d670579}</UniqueIdentifier>
    </Filter>
  </ItemGroup>
  <ItemGroup>
    <ClInclude Include="test_pastelsys.h" />
  </ItemGroup>
</Project>