<?xml version="1.0" encoding="utf-8"?>
<Project ToolsVersion="4.0" xmlns="http://schemas.microsoft.com/developer/msbuild/2003">
  <ItemGroup>
    <Filter Include="Fx">
      <UniqueIdentifier>{849c3c99-6875-4722-af18-1ff43909d900}</UniqueIdentifier>
    </Filter>
    <Filter Include="Gfx">
      <UniqueIdentifier>{4b15b96f-f3bb-47ea-8617-758409b1d724}</UniqueIdentifier>
    </Filter>
    <Filter Include="Multithreading">
      <UniqueIdentifier>{6dc99a5e-7f89-4659-89ad-dcef2622fbc5}</UniqueIdentifier>
    </Filter>
    <Filter Include="Timing">
      <UniqueIdentifier>{7d156047-5200-4928-8bbe-f2e3d3762483}</UniqueIdentifier>
    </Filter>
    <Filter Include="Common">
      <UniqueIdentifier>{336847cd-3dee-437a-8456-19699b17bcfa}</UniqueIdentifier>
    </Filter>
    <Filter Include="Ui">
      <UniqueIdentifier>{e67e84fc-8f54-4b34-b029-507606c0a1be}</UniqueIdentifier>
    </Filter>
  </ItemGroup>
  <ItemGroup>
    <ClCompile Include="fxdevice.cpp">
      <Filter>Fx</Filter>
    </ClCompile>
    <ClCompile Include="gfxdevice.cpp">
      <Filter>Gfx</Filter>
    </ClCompile>
    <ClCompile Include="mutex.cpp">
      <Filter>Multithreading</Filter>
    </ClCompile>
    <ClCompile Include="thread.cpp">
      <Filter>Multithreading</Filter>
    </ClCompile>
    <ClCompile Include="timedevice.cpp">
      <Filter>Timing</Filter>
    </ClCompile>
    <ClCompile Include="timer.cpp">
      <Filter>Timing</Filter>
    </ClCompile>
    <ClCompile Include="devicelibrary.cpp">
      <Filter>Common</Filter>
    </ClCompile>
    <ClCompile Include="devicesystem.cpp">
      <Filter>Common</Filter>
    </ClCompile>
    <ClCompile Include="ui.cpp">
      <Filter>Ui</Filter>
    </ClCompile>
  </ItemGroup>
  <ItemGroup>
    <ClInclude Include="fxdevice.h">
      <Filter>Fx</Filter>
    </ClInclude>
    <ClInclude Include="gfxdevice.h">
      <Filter>Gfx</Filter>
    </ClInclude>
    <ClInclude Include="mutex.h">
      <Filter>Multithreading</Filter>
    </ClInclude>
    <ClInclude Include="mutex.hpp">
      <Filter>Multithreading</Filter>
    </ClInclude>
    <ClInclude Include="thread.h">
      <Filter>Multithreading</Filter>
    </ClInclude>
    <ClInclude Include="timedevice.h">
      <Filter>Timing</Filter>
    </ClInclude>
    <ClInclude Include="timer.h">
      <Filter>Timing</Filter>
    </ClInclude>
    <ClInclude Include="devicelibrary.h">
      <Filter>Common</Filter>
    </ClInclude>
    <ClInclude Include="devicesystem.h">
      <Filter>Common</Filter>
    </ClInclude>
    <ClInclude Include="ui.h">
      <Filter>Ui</Filter>
    </ClInclude>
    <ClInclude Include="pasteldevice.h" />
    <ClInclude Include="multithreading.h">
      <Filter>Multithreading</Filter>
    </ClInclude>
    <ClInclude Include="timing.h">
      <Filter>Timing</Filter>
    </ClInclude>
  </ItemGroup>
  <ItemGroup>
    <None Include="sound.txt">
      <Filter>Fx</Filter>
    </None>
    <None Include="graphics.txt">
      <Filter>Gfx</Filter>
    </None>
    <None Include="multithreading.txt">
      <Filter>Multithreading</Filter>
    </None>
    <None Include="timing.txt">
      <Filter>Timing</Filter>
    </None>
    <None Include="devices.txt">
      <Filter>Common</Filter>
    </None>
    <None Include="ui.txt">
      <Filter>Ui</Filter>
    </None>
    <None Include="pasteldevice.txt" />
  </ItemGroup>
</Project>