<?xml version="1.0" encoding="utf-8"?>
<Project ToolsVersion="4.0" xmlns="http://schemas.microsoft.com/developer/msbuild/2003">
  <ItemGroup>
    <ClCompile Include="pastelsysmatlab.cpp" />
    <ClCompile Include="matlab_maximum_bipartite_matching.cpp">
      <Filter>Graph algorithms</Filter>
    </ClCompile>
  </ItemGroup>
  <ItemGroup>
    <ClInclude Include="pastelsysmatlab.h" />
  </ItemGroup>
  <ItemGroup>
    <Filter Include="Graph algorithms">
      <UniqueIdentifier>{5797a4cf-ad62-4211-be75-127bfd112541}</UniqueIdentifier>
    </Filter>
  </ItemGroup>
  <ItemGroup>
    <None Include="..\+pastelsys\maximum_bipartite_matching.m">
      <Filter>Graph algorithms</Filter>
    </None>
  </ItemGroup>
</Project>