
Microsoft Visual Studio Solution File, Format Version 11.00
# Visual C++ Express 2010
Project("{8BC9CEB8-8B4A-11D0-8D11-00A0C91BC942}") = "pastelsys", "sys\pastelsys.vcxproj", "{75A8AB3F-51F7-4732-90E9-1266434FE08C}"
EndProject
Project("{8BC9CEB8-8B4A-11D0-8D11-00A0C91BC942}") = "pastelmath", "math\pastelmath.vcxproj", "{D866F479-947D-4A26-B3BC-9E75F78F828A}"
EndProject
Project("{8BC9CEB8-8B4A-11D0-8D11-00A0C91BC942}") = "pastelgeometry", "geometry\pastelgeometry.vcxproj", "{0E7FD7E1-0FDF-4989-A1D1-1EAA03A8BB77}"
EndProject
Project("{8BC9CEB8-8B4A-11D0-8D11-00A0C91BC942}") = "pastelsystest", "..\test\systest\pastelsystest.vcxproj", "{8B6AB5CB-C685-4D48-A013-5BF90619C0CC}"
EndProject
Project("{8BC9CEB8-8B4A-11D0-8D11-00A0C91BC942}") = "pastelgfx", "gfx\pastelgfx.vcxproj", "{9FE41360-16BA-48F4-AF5A-90D7C5C2E13D}"
EndProject
Project("{8BC9CEB8-8B4A-11D0-8D11-00A0C91BC942}") = "pasteldevice", "device\pasteldevice.vcxproj", "{3B35A8C9-E7E9-48B7-82F3-0511F38AA9D5}"
EndProject
Project("{8BC9CEB8-8B4A-11D0-8D11-00A0C91BC942}") = "pastelgeometrytest", "..\test\geometrytest\pastelgeometrytest.vcxproj", "{8EC8462F-B7A2-42A3-A0A3-16A812B55548}"
EndProject
Project("{8BC9CEB8-8B4A-11D0-8D11-00A0C91BC942}") = "pastelmathtest", "..\test\mathtest\pastelmathtest.vcxproj", "{DA2BF3E7-22C9-4850-AD55-B9E860441710}"
EndProject
Project("{8BC9CEB8-8B4A-11D0-8D11-00A0C91BC942}") = "pastelgfxtest", "..\test\gfxtest\pastelgfxtest.vcxproj", "{987B3F80-4945-4FCA-A60B-56D19FDE4624}"
EndProject
Project("{8BC9CEB8-8B4A-11D0-8D11-00A0C91BC942}") = "pastelgl", "gl\pastelgl.vcxproj", "{B4DA9D81-D551-43C4-9EDF-2AE58A678DE3}"
EndProject
Project("{8BC9CEB8-8B4A-11D0-8D11-00A0C91BC942}") = "ConvexHull", "..\example\ConvexHull\ConvexHull.vcxproj", "{88A6D6DC-8307-4B52-AD67-4D9F45A105A8}"
EndProject
Project("{8BC9CEB8-8B4A-11D0-8D11-00A0C91BC942}") = "NearestNeighbour", "..\example\NearestNeighbour\NearestNeighbour.vcxproj", "{948301BD-4972-4D34-8C86-743304464F00}"
EndProject
Project("{8BC9CEB8-8B4A-11D0-8D11-00A0C91BC942}") = "LeastSquares", "..\example\LeastSquares\LeastSquares.vcxproj", "{8A3ACE1A-1F96-411E-8F66-FDF3B6CF00F1}"
EndProject
Project("{8BC9CEB8-8B4A-11D0-8D11-00A0C91BC942}") = "PastelDsp", "dsp\PastelDsp.vcxproj", "{785939E7-58E3-4E5D-9215-1BA393315CDB}"
EndProject
Project("{8BC9CEB8-8B4A-11D0-8D11-00A0C91BC942}") = "pasteldevicetest", "..\test\devicetest\pasteldevicetest.vcxproj", "{A9BA79C1-4E23-4567-BB46-F80133D4DFF1}"
EndProject
Project("{8BC9CEB8-8B4A-11D0-8D11-00A0C91BC942}") = "pastelray", "ray\pastelray.vcxproj", "{F8F3A26A-3267-4F88-9614-4F32B6859C32}"
EndProject
Project("{8BC9CEB8-8B4A-11D0-8D11-00A0C91BC942}") = "pastelraytest", "..\test\raytest\pastelraytest.vcxproj", "{55AD7A34-33A4-497C-9232-600640C1F73B}"
EndProject
Project("{8BC9CEB8-8B4A-11D0-8D11-00A0C91BC942}") = "PastelGfxUi", "gfxui\PastelGfxUi.vcxproj", "{0B447ABF-385F-475F-BF5F-88E4EE20BB98}"
EndProject
Project("{8BC9CEB8-8B4A-11D0-8D11-00A0C91BC942}") = "pastelgeometry_matlab", "geometry_matlab\pastelgeometry_matlab.vcxproj", "{25047750-4011-428C-BEB6-8082475E040E}"
EndProject
Global
	GlobalSection(SolutionConfigurationPlatforms) = preSolution
		Debug|Win32 = Debug|Win32
		Release|Win32 = Release|Win32
		Static Debug|Win32 = Static Debug|Win32
		Static Release|Win32 = Static Release|Win32
	EndGlobalSection
	GlobalSection(ProjectConfigurationPlatforms) = postSolution
		{75A8AB3F-51F7-4732-90E9-1266434FE08C}.Debug|Win32.ActiveCfg = Debug|Win32
		{75A8AB3F-51F7-4732-90E9-1266434FE08C}.Debug|Win32.Build.0 = Debug|Win32
		{75A8AB3F-51F7-4732-90E9-1266434FE08C}.Release|Win32.ActiveCfg = Release|Win32
		{75A8AB3F-51F7-4732-90E9-1266434FE08C}.Release|Win32.Build.0 = Release|Win32
		{75A8AB3F-51F7-4732-90E9-1266434FE08C}.Static Debug|Win32.ActiveCfg = Static Debug|Win32
		{75A8AB3F-51F7-4732-90E9-1266434FE08C}.Static Debug|Win32.Build.0 = Static Debug|Win32
		{75A8AB3F-51F7-4732-90E9-1266434FE08C}.Static Release|Win32.ActiveCfg = Static Release|Win32
		{75A8AB3F-51F7-4732-90E9-1266434FE08C}.Static Release|Win32.Build.0 = Static Release|Win32
		{D866F479-947D-4A26-B3BC-9E75F78F828A}.Debug|Win32.ActiveCfg = Debug|Win32
		{D866F479-947D-4A26-B3BC-9E75F78F828A}.Debug|Win32.Build.0 = Debug|Win32
		{D866F479-947D-4A26-B3BC-9E75F78F828A}.Release|Win32.ActiveCfg = Release|Win32
		{D866F479-947D-4A26-B3BC-9E75F78F828A}.Release|Win32.Build.0 = Release|Win32
		{D866F479-947D-4A26-B3BC-9E75F78F828A}.Static Debug|Win32.ActiveCfg = Static Debug|Win32
		{D866F479-947D-4A26-B3BC-9E75F78F828A}.Static Debug|Win32.Build.0 = Static Debug|Win32
		{D866F479-947D-4A26-B3BC-9E75F78F828A}.Static Release|Win32.ActiveCfg = Static Release|Win32
		{D866F479-947D-4A26-B3BC-9E75F78F828A}.Static Release|Win32.Build.0 = Static Release|Win32
		{0E7FD7E1-0FDF-4989-A1D1-1EAA03A8BB77}.Debug|Win32.ActiveCfg = Debug|Win32
		{0E7FD7E1-0FDF-4989-A1D1-1EAA03A8BB77}.Debug|Win32.Build.0 = Debug|Win32
		{0E7FD7E1-0FDF-4989-A1D1-1EAA03A8BB77}.Release|Win32.ActiveCfg = Release|Win32
		{0E7FD7E1-0FDF-4989-A1D1-1EAA03A8BB77}.Release|Win32.Build.0 = Release|Win32
		{0E7FD7E1-0FDF-4989-A1D1-1EAA03A8BB77}.Static Debug|Win32.ActiveCfg = Static Debug|Win32
		{0E7FD7E1-0FDF-4989-A1D1-1EAA03A8BB77}.Static Debug|Win32.Build.0 = Static Debug|Win32
		{0E7FD7E1-0FDF-4989-A1D1-1EAA03A8BB77}.Static Release|Win32.ActiveCfg = Static Release|Win32
		{0E7FD7E1-0FDF-4989-A1D1-1EAA03A8BB77}.Static Release|Win32.Build.0 = Static Release|Win32
		{8B6AB5CB-C685-4D48-A013-5BF90619C0CC}.Debug|Win32.ActiveCfg = Debug|Win32
		{8B6AB5CB-C685-4D48-A013-5BF90619C0CC}.Debug|Win32.Build.0 = Debug|Win32
		{8B6AB5CB-C685-4D48-A013-5BF90619C0CC}.Release|Win32.ActiveCfg = Release|Win32
		{8B6AB5CB-C685-4D48-A013-5BF90619C0CC}.Release|Win32.Build.0 = Release|Win32
		{8B6AB5CB-C685-4D48-A013-5BF90619C0CC}.Static Debug|Win32.ActiveCfg = Static Debug|Win32
		{8B6AB5CB-C685-4D48-A013-5BF90619C0CC}.Static Debug|Win32.Build.0 = Static Debug|Win32
		{8B6AB5CB-C685-4D48-A013-5BF90619C0CC}.Static Release|Win32.ActiveCfg = Static Release|Win32
		{8B6AB5CB-C685-4D48-A013-5BF90619C0CC}.Static Release|Win32.Build.0 = Static Release|Win32
		{9FE41360-16BA-48F4-AF5A-90D7C5C2E13D}.Debug|Win32.ActiveCfg = Debug|Win32
		{9FE41360-16BA-48F4-AF5A-90D7C5C2E13D}.Debug|Win32.Build.0 = Debug|Win32
		{9FE41360-16BA-48F4-AF5A-90D7C5C2E13D}.Release|Win32.ActiveCfg = Release|Win32
		{9FE41360-16BA-48F4-AF5A-90D7C5C2E13D}.Release|Win32.Build.0 = Release|Win32
		{9FE41360-16BA-48F4-AF5A-90D7C5C2E13D}.Static Debug|Win32.ActiveCfg = Static Debug|Win32
		{9FE41360-16BA-48F4-AF5A-90D7C5C2E13D}.Static Debug|Win32.Build.0 = Static Debug|Win32
		{9FE41360-16BA-48F4-AF5A-90D7C5C2E13D}.Static Release|Win32.ActiveCfg = Static Release|Win32
		{9FE41360-16BA-48F4-AF5A-90D7C5C2E13D}.Static Release|Win32.Build.0 = Static Release|Win32
		{3B35A8C9-E7E9-48B7-82F3-0511F38AA9D5}.Debug|Win32.ActiveCfg = Debug|Win32
		{3B35A8C9-E7E9-48B7-82F3-0511F38AA9D5}.Debug|Win32.Build.0 = Debug|Win32
		{3B35A8C9-E7E9-48B7-82F3-0511F38AA9D5}.Release|Win32.ActiveCfg = Release|Win32
		{3B35A8C9-E7E9-48B7-82F3-0511F38AA9D5}.Release|Win32.Build.0 = Release|Win32
		{3B35A8C9-E7E9-48B7-82F3-0511F38AA9D5}.Static Debug|Win32.ActiveCfg = Static Debug|Win32
		{3B35A8C9-E7E9-48B7-82F3-0511F38AA9D5}.Static Debug|Win32.Build.0 = Static Debug|Win32
		{3B35A8C9-E7E9-48B7-82F3-0511F38AA9D5}.Static Release|Win32.ActiveCfg = Static Release|Win32
		{3B35A8C9-E7E9-48B7-82F3-0511F38AA9D5}.Static Release|Win32.Build.0 = Static Release|Win32
		{8EC8462F-B7A2-42A3-A0A3-16A812B55548}.Debug|Win32.ActiveCfg = Debug|Win32
		{8EC8462F-B7A2-42A3-A0A3-16A812B55548}.Debug|Win32.Build.0 = Debug|Win32
		{8EC8462F-B7A2-42A3-A0A3-16A812B55548}.Release|Win32.ActiveCfg = Release|Win32
		{8EC8462F-B7A2-42A3-A0A3-16A812B55548}.Release|Win32.Build.0 = Release|Win32
		{8EC8462F-B7A2-42A3-A0A3-16A812B55548}.Static Debug|Win32.ActiveCfg = Static Debug|Win32
		{8EC8462F-B7A2-42A3-A0A3-16A812B55548}.Static Debug|Win32.Build.0 = Static Debug|Win32
		{8EC8462F-B7A2-42A3-A0A3-16A812B55548}.Static Release|Win32.ActiveCfg = Static Release|Win32
		{8EC8462F-B7A2-42A3-A0A3-16A812B55548}.Static Release|Win32.Build.0 = Static Release|Win32
		{DA2BF3E7-22C9-4850-AD55-B9E860441710}.Debug|Win32.ActiveCfg = Debug|Win32
		{DA2BF3E7-22C9-4850-AD55-B9E860441710}.Debug|Win32.Build.0 = Debug|Win32
		{DA2BF3E7-22C9-4850-AD55-B9E860441710}.Release|Win32.ActiveCfg = Release|Win32
		{DA2BF3E7-22C9-4850-AD55-B9E860441710}.Release|Win32.Build.0 = Release|Win32
		{DA2BF3E7-22C9-4850-AD55-B9E860441710}.Static Debug|Win32.ActiveCfg = Static Debug|Win32
		{DA2BF3E7-22C9-4850-AD55-B9E860441710}.Static Debug|Win32.Build.0 = Static Debug|Win32
		{DA2BF3E7-22C9-4850-AD55-B9E860441710}.Static Release|Win32.ActiveCfg = Static Release|Win32
		{DA2BF3E7-22C9-4850-AD55-B9E860441710}.Static Release|Win32.Build.0 = Static Release|Win32
		{987B3F80-4945-4FCA-A60B-56D19FDE4624}.Debug|Win32.ActiveCfg = Debug|Win32
		{987B3F80-4945-4FCA-A60B-56D19FDE4624}.Debug|Win32.Build.0 = Debug|Win32
		{987B3F80-4945-4FCA-A60B-56D19FDE4624}.Release|Win32.ActiveCfg = Release|Win32
		{987B3F80-4945-4FCA-A60B-56D19FDE4624}.Release|Win32.Build.0 = Release|Win32
		{987B3F80-4945-4FCA-A60B-56D19FDE4624}.Static Debug|Win32.ActiveCfg = Static Debug|Win32
		{987B3F80-4945-4FCA-A60B-56D19FDE4624}.Static Debug|Win32.Build.0 = Static Debug|Win32
		{987B3F80-4945-4FCA-A60B-56D19FDE4624}.Static Release|Win32.ActiveCfg = Static Release|Win32
		{987B3F80-4945-4FCA-A60B-56D19FDE4624}.Static Release|Win32.Build.0 = Static Release|Win32
		{B4DA9D81-D551-43C4-9EDF-2AE58A678DE3}.Debug|Win32.ActiveCfg = Debug|Win32
		{B4DA9D81-D551-43C4-9EDF-2AE58A678DE3}.Debug|Win32.Build.0 = Debug|Win32
		{B4DA9D81-D551-43C4-9EDF-2AE58A678DE3}.Release|Win32.ActiveCfg = Release|Win32
		{B4DA9D81-D551-43C4-9EDF-2AE58A678DE3}.Release|Win32.Build.0 = Release|Win32
		{B4DA9D81-D551-43C4-9EDF-2AE58A678DE3}.Static Debug|Win32.ActiveCfg = Static Debug|Win32
		{B4DA9D81-D551-43C4-9EDF-2AE58A678DE3}.Static Debug|Win32.Build.0 = Static Debug|Win32
		{B4DA9D81-D551-43C4-9EDF-2AE58A678DE3}.Static Release|Win32.ActiveCfg = Static Release|Win32
		{B4DA9D81-D551-43C4-9EDF-2AE58A678DE3}.Static Release|Win32.Build.0 = Static Release|Win32
		{88A6D6DC-8307-4B52-AD67-4D9F45A105A8}.Debug|Win32.ActiveCfg = Debug|Win32
		{88A6D6DC-8307-4B52-AD67-4D9F45A105A8}.Debug|Win32.Build.0 = Debug|Win32
		{88A6D6DC-8307-4B52-AD67-4D9F45A105A8}.Release|Win32.ActiveCfg = Release|Win32
		{88A6D6DC-8307-4B52-AD67-4D9F45A105A8}.Release|Win32.Build.0 = Release|Win32
		{88A6D6DC-8307-4B52-AD67-4D9F45A105A8}.Static Debug|Win32.ActiveCfg = Static Debug|Win32
		{88A6D6DC-8307-4B52-AD67-4D9F45A105A8}.Static Debug|Win32.Build.0 = Static Debug|Win32
		{88A6D6DC-8307-4B52-AD67-4D9F45A105A8}.Static Release|Win32.ActiveCfg = Static Release|Win32
		{88A6D6DC-8307-4B52-AD67-4D9F45A105A8}.Static Release|Win32.Build.0 = Static Release|Win32
		{948301BD-4972-4D34-8C86-743304464F00}.Debug|Win32.ActiveCfg = Debug|Win32
		{948301BD-4972-4D34-8C86-743304464F00}.Debug|Win32.Build.0 = Debug|Win32
		{948301BD-4972-4D34-8C86-743304464F00}.Release|Win32.ActiveCfg = Release|Win32
		{948301BD-4972-4D34-8C86-743304464F00}.Release|Win32.Build.0 = Release|Win32
		{948301BD-4972-4D34-8C86-743304464F00}.Static Debug|Win32.ActiveCfg = Static Debug|Win32
		{948301BD-4972-4D34-8C86-743304464F00}.Static Debug|Win32.Build.0 = Static Debug|Win32
		{948301BD-4972-4D34-8C86-743304464F00}.Static Release|Win32.ActiveCfg = Static Release|Win32
		{948301BD-4972-4D34-8C86-743304464F00}.Static Release|Win32.Build.0 = Static Release|Win32
		{8A3ACE1A-1F96-411E-8F66-FDF3B6CF00F1}.Debug|Win32.ActiveCfg = Debug|Win32
		{8A3ACE1A-1F96-411E-8F66-FDF3B6CF00F1}.Debug|Win32.Build.0 = Debug|Win32
		{8A3ACE1A-1F96-411E-8F66-FDF3B6CF00F1}.Release|Win32.ActiveCfg = Release|Win32
		{8A3ACE1A-1F96-411E-8F66-FDF3B6CF00F1}.Release|Win32.Build.0 = Release|Win32
		{8A3ACE1A-1F96-411E-8F66-FDF3B6CF00F1}.Static Debug|Win32.ActiveCfg = Static Debug|Win32
		{8A3ACE1A-1F96-411E-8F66-FDF3B6CF00F1}.Static Debug|Win32.Build.0 = Static Debug|Win32
		{8A3ACE1A-1F96-411E-8F66-FDF3B6CF00F1}.Static Release|Win32.ActiveCfg = Static Release|Win32
		{8A3ACE1A-1F96-411E-8F66-FDF3B6CF00F1}.Static Release|Win32.Build.0 = Static Release|Win32
		{785939E7-58E3-4E5D-9215-1BA393315CDB}.Debug|Win32.ActiveCfg = Debug|Win32
		{785939E7-58E3-4E5D-9215-1BA393315CDB}.Debug|Win32.Build.0 = Debug|Win32
		{785939E7-58E3-4E5D-9215-1BA393315CDB}.Release|Win32.ActiveCfg = Release|Win32
		{785939E7-58E3-4E5D-9215-1BA393315CDB}.Release|Win32.Build.0 = Release|Win32
		{785939E7-58E3-4E5D-9215-1BA393315CDB}.Static Debug|Win32.ActiveCfg = Static Debug|Win32
		{785939E7-58E3-4E5D-9215-1BA393315CDB}.Static Debug|Win32.Build.0 = Static Debug|Win32
		{785939E7-58E3-4E5D-9215-1BA393315CDB}.Static Release|Win32.ActiveCfg = Static Release|Win32
		{785939E7-58E3-4E5D-9215-1BA393315CDB}.Static Release|Win32.Build.0 = Static Release|Win32
		{A9BA79C1-4E23-4567-BB46-F80133D4DFF1}.Debug|Win32.ActiveCfg = Debug|Win32
		{A9BA79C1-4E23-4567-BB46-F80133D4DFF1}.Debug|Win32.Build.0 = Debug|Win32
		{A9BA79C1-4E23-4567-BB46-F80133D4DFF1}.Release|Win32.ActiveCfg = Release|Win32
		{A9BA79C1-4E23-4567-BB46-F80133D4DFF1}.Release|Win32.Build.0 = Release|Win32
		{A9BA79C1-4E23-4567-BB46-F80133D4DFF1}.Static Debug|Win32.ActiveCfg = Static Debug|Win32
		{A9BA79C1-4E23-4567-BB46-F80133D4DFF1}.Static Debug|Win32.Build.0 = Static Debug|Win32
		{A9BA79C1-4E23-4567-BB46-F80133D4DFF1}.Static Release|Win32.ActiveCfg = Static Release|Win32
		{A9BA79C1-4E23-4567-BB46-F80133D4DFF1}.Static Release|Win32.Build.0 = Static Release|Win32
		{F8F3A26A-3267-4F88-9614-4F32B6859C32}.Debug|Win32.ActiveCfg = Debug|Win32
		{F8F3A26A-3267-4F88-9614-4F32B6859C32}.Debug|Win32.Build.0 = Debug|Win32
		{F8F3A26A-3267-4F88-9614-4F32B6859C32}.Release|Win32.ActiveCfg = Release|Win32
		{F8F3A26A-3267-4F88-9614-4F32B6859C32}.Release|Win32.Build.0 = Release|Win32
		{F8F3A26A-3267-4F88-9614-4F32B6859C32}.Static Debug|Win32.ActiveCfg = Static Debug|Win32
		{F8F3A26A-3267-4F88-9614-4F32B6859C32}.Static Debug|Win32.Build.0 = Static Debug|Win32
		{F8F3A26A-3267-4F88-9614-4F32B6859C32}.Static Release|Win32.ActiveCfg = Static Release|Win32
		{F8F3A26A-3267-4F88-9614-4F32B6859C32}.Static Release|Win32.Build.0 = Static Release|Win32
		{55AD7A34-33A4-497C-9232-600640C1F73B}.Debug|Win32.ActiveCfg = Debug|Win32
		{55AD7A34-33A4-497C-9232-600640C1F73B}.Debug|Win32.Build.0 = Debug|Win32
		{55AD7A34-33A4-497C-9232-600640C1F73B}.Release|Win32.ActiveCfg = Release|Win32
		{55AD7A34-33A4-497C-9232-600640C1F73B}.Release|Win32.Build.0 = Release|Win32
		{55AD7A34-33A4-497C-9232-600640C1F73B}.Static Debug|Win32.ActiveCfg = Static Debug|Win32
		{55AD7A34-33A4-497C-9232-600640C1F73B}.Static Debug|Win32.Build.0 = Static Debug|Win32
		{55AD7A34-33A4-497C-9232-600640C1F73B}.Static Release|Win32.ActiveCfg = Static Release|Win32
		{55AD7A34-33A4-497C-9232-600640C1F73B}.Static Release|Win32.Build.0 = Static Release|Win32
		{0B447ABF-385F-475F-BF5F-88E4EE20BB98}.Debug|Win32.ActiveCfg = Debug|Win32
		{0B447ABF-385F-475F-BF5F-88E4EE20BB98}.Debug|Win32.Build.0 = Debug|Win32
		{0B447ABF-385F-475F-BF5F-88E4EE20BB98}.Release|Win32.ActiveCfg = Release|Win32
		{0B447ABF-385F-475F-BF5F-88E4EE20BB98}.Release|Win32.Build.0 = Release|Win32
		{0B447ABF-385F-475F-BF5F-88E4EE20BB98}.Static Debug|Win32.ActiveCfg = Static Debug|Win32
		{0B447ABF-385F-475F-BF5F-88E4EE20BB98}.Static Debug|Win32.Build.0 = Static Debug|Win32
		{0B447ABF-385F-475F-BF5F-88E4EE20BB98}.Static Release|Win32.ActiveCfg = Static Release|Win32
		{0B447ABF-385F-475F-BF5F-88E4EE20BB98}.Static Release|Win32.Build.0 = Static Release|Win32
		{25047750-4011-428C-BEB6-8082475E040E}.Debug|Win32.ActiveCfg = Debug|Win32
		{25047750-4011-428C-BEB6-8082475E040E}.Debug|Win32.Build.0 = Debug|Win32
		{25047750-4011-428C-BEB6-8082475E040E}.Release|Win32.ActiveCfg = Release|Win32
		{25047750-4011-428C-BEB6-8082475E040E}.Release|Win32.Build.0 = Release|Win32
		{25047750-4011-428C-BEB6-8082475E040E}.Static Debug|Win32.ActiveCfg = Debug|Win32
		{25047750-4011-428C-BEB6-8082475E040E}.Static Debug|Win32.Build.0 = Debug|Win32
		{25047750-4011-428C-BEB6-8082475E040E}.Static Release|Win32.ActiveCfg = Static Release|Win32
		{25047750-4011-428C-BEB6-8082475E040E}.Static Release|Win32.Build.0 = Static Release|Win32
	EndGlobalSection
	GlobalSection(SolutionProperties) = preSolution
		HideSolutionNode = FALSE
	EndGlobalSection
EndGlobal
